{
    "_meta": {
        "hash": {
            "sha256": "62109ddcf49000a99148d910cb8da1e1ee645e2c9fbeaf058b2b6911fa9cca6f"
        },
        "pipfile-spec": 6,
        "requires": {
            "python_version": "3.12"
        },
        "sources": [
            {
                "name": "pypi",
                "url": "https://pypi.org/simple",
                "verify_ssl": true
            }
        ]
    },
    "default": {
        "gcode-machine": {
            "hashes": [
                "sha256:d819b73b09bc0e109f55878ac2029e00285a52902663e77bdcbbf980e7c7922e"
            ],
            "index": "pypi",
            "markers": "python_version >= '3.5'",
            "version": "==1.0.1"
        },
        "pyserial": {
            "hashes": [
                "sha256:3c77e014170dfffbd816e6ffc205e9842efb10be9f58ec16d3e8675b4925cddb",
                "sha256:c4451db6ba391ca6ca299fb3ec7bae67a5c55dde170964c7a14ceefec02f2cf0"
            ],
            "index": "pypi",
            "version": "==3.5"
        }
    },
    "develop": {}
}
